
Microsoft Visual Studio Solution File, Format Version 12.00
# Visual Studio 15
VisualStudioVersion = 15.0.28010.2041
MinimumVisualStudioVersion = 10.0.40219.1
Project("{8BC9CEB8-8B4A-11D0-8D11-00A0C91BC942}") = "SimThread", "SimThread\SimThread.vcxproj", "{19FF0B55-0B91-4698-A30A-2368D2B87A85}"
EndProject
Global
	GlobalSection(SolutionConfigurationPlatforms) = preSolution
		Debug|x64 = Debug|x64
		Debug|x86 = Debug|x86
		Release|x64 = Release|x64
		Release|x86 = Release|x86
	EndGlobalSection
	GlobalSection(ProjectConfigurationPlatforms) = postSolution
		{19FF0B55-0B91-4698-A30A-2368D2B87A85}.Debug|x64.ActiveCfg = Debug|x64
		{19FF0B55-0B91-4698-A30A-2368D2B87A85}.Debug|x64.Build.0 = Debug|x64
		{19FF0B55-0B91-4698-A30A-2368D2B87A85}.Debug|x86.ActiveCfg = Debug|Win32
		{19FF0B55-0B91-4698-A30A-2368D2B87A85}.Debug|x86.Build.0 = Debug|Win32
		{19FF0B55-0B91-4698-A30A-2368D2B87A85}.Release|x64.ActiveCfg = Release|x64
		{19FF0B55-0B91-4698-A30A-2368D2B87A85}.Release|x64.Build.0 = Release|x64
		{19FF0B55-0B91-4698-A30A-2368D2B87A85}.Release|x86.ActiveCfg = Release|Win32
		{19FF0B55-0B91-4698-A30A-2368D2B87A85}.Release|x86.Build.0 = Release|Win32
	EndGlobalSection
	GlobalSection(SolutionProperties) = preSolution
		HideSolutionNode = FALSE
	EndGlobalSection
	GlobalSection(ExtensibilityGlobals) = postSolution
		SolutionGuid = {7D80BAD2-4E41-4212-8F1D-1F1385480002}
	EndGlobalSection
EndGlobal
